github.com/e421083458/gomodtest_base v1.0.1 h1:FgsAmzN11e2vDAxmU/UvwfbHZZE87zRzhjDFwwm24Jo=
github.com/e421083458/gomodtest_base v1.0.1/go.mod h1:QDm1T44sl30dcuEks74zzgPcedtFf8/hcDmaxlSIfjo=
github.com/jianfengye/collection v0.0.0-20190807085902-82190a147f56 h1:qmM7Ryt8QWl32HWhldUAj+tpz3d7j+4dUaoNQXw1zV0=
github.com/jianfengye/collection v0.0.0-20190807085902-82190a147f56/go.mod h1:T33ep8mG56L9FRBGzJqdp+Urs6Pa1KHkPvwXRiCbjsA=
